
Microsoft Visual Studio Solution File, Format Version 12.00
# Visual Studio Version 16
VisualStudioVersion = 16.0.33130.400
MinimumVisualStudioVersion = 10.0.40219.1
Project("{FAE04EC0-301F-11D3-BF4B-00C04F79EFBC}") = "SimplyHorsePower", "SimplyHorsePower.csproj", "{F291D9A2-F964-4271-998D-35F42567A1AE}"
EndProject
Global
	GlobalSection(SolutionConfigurationPlatforms) = preSolution
		Debug|Any CPU = Debug|Any CPU
		Release|Any CPU = Release|Any CPU
	EndGlobalSection
	GlobalSection(ProjectConfigurationPlatforms) = postSolution
		{F291D9A2-F964-4271-998D-35F42567A1AE}.Debug|Any CPU.ActiveCfg = Debug|Any CPU
		{F291D9A2-F964-4271-998D-35F42567A1AE}.Debug|Any CPU.Build.0 = Debug|Any CPU
		{F291D9A2-F964-4271-998D-35F42567A1AE}.Release|Any CPU.ActiveCfg = Release|Any CPU
		{F291D9A2-F964-4271-998D-35F42567A1AE}.Release|Any CPU.Build.0 = Release|Any CPU
	EndGlobalSection
	GlobalSection(SolutionProperties) = preSolution
		HideSolutionNode = FALSE
	EndGlobalSection
	GlobalSection(ExtensibilityGlobals) = postSolution
		SolutionGuid = {57F022EE-6C58-4921-B003-5986067F1985}
	EndGlobalSection
EndGlobal
